
Microsoft Visual Studio Solution File, Format Version 12.00
# Visual Studio Version 16
VisualStudioVersion = 16.0.31205.134
MinimumVisualStudioVersion = 10.0.40219.1
Project("{FAE04EC0-301F-11D3-BF4B-00C04F79EFBC}") = "NitroxPatch", "NitroxPatch.csproj", "{D4A34047-369F-4846-AB4B-46585480124A}"
EndProject
Global
	GlobalSection(SolutionConfigurationPlatforms) = preSolution
		Debug|Any CPU = Debug|Any CPU
		Release|Any CPU = Release|Any CPU
	EndGlobalSection
	GlobalSection(ProjectConfigurationPlatforms) = postSolution
		{D4A34047-369F-4846-AB4B-46585480124A}.Debug|Any CPU.ActiveCfg = Debug|Any CPU
		{D4A34047-369F-4846-AB4B-46585480124A}.Debug|Any CPU.Build.0 = Debug|Any CPU
		{D4A34047-369F-4846-AB4B-46585480124A}.Release|Any CPU.ActiveCfg = Release|Any CPU
		{D4A34047-369F-4846-AB4B-46585480124A}.Release|Any CPU.Build.0 = Release|Any CPU
	EndGlobalSection
	GlobalSection(SolutionProperties) = preSolution
		HideSolutionNode = FALSE
	EndGlobalSection
	GlobalSection(ExtensibilityGlobals) = postSolution
		SolutionGuid = {8E7613D8-28BD-42B7-B824-97023393C311}
	EndGlobalSection
EndGlobal
